// !$*UTF8*$!
{
	archiveVersion = 1;
	classes = {
	};
	objectVersion = 46;
	objects = {

/* Begin PBXBuildFile section */
		B90FE5891CC1634800462602 /* AppDelegate.swift in Sources */ = {isa = PBXBuildFile; fileRef = B90FE5881CC1634800462602 /* AppDelegate.swift */; };
		B90FE58B1CC1634800462602 /* ViewController.swift in Sources */ = {isa = PBXBuildFile; fileRef = B90FE58A1CC1634800462602 /* ViewController.swift */; };
		B90FE58E1CC1634800462602 /* Main.storyboard in Resources */ = {isa = PBXBuildFile; fileRef = B90FE58C1CC1634800462602 /* Main.storyboard */; };
		B90FE5901CC1634800462602 /* Assets.xcassets in Resources */ = {isa = PBXBuildFile; fileRef = B90FE58F1CC1634800462602 /* Assets.xcassets */; };
		B90FE5931CC1634800462602 /* LaunchScreen.storyboard in Resources */ = {isa = PBXBuildFile; fileRef = B90FE5911CC1634800462602 /* LaunchScreen.storyboard */; };
		B90FE59E1CC1634800462602 /* ViewsInCodeTests.swift in Sources */ = {isa = PBXBuildFile; fileRef = B90FE59D1CC1634800462602 /* ViewsInCodeTests.swift */; };
		B90FE5A91CC1634800462602 /* ViewsInCodeUITests.swift in Sources */ = {isa = PBXBuildFile; fileRef = B90FE5A81CC1634800462602 /* ViewsInCodeUITests.swift */; };
/* End PBXBuildFile section */

/* Begin PBXContainerItemProxy section */
		B90FE59A1CC1634800462602 /* PBXContainerItemProxy */ = {
			isa = PBXContainerItemProxy;
			containerPortal = B90FE57D1CC1634800462602 /* Project object */;
			proxyType = 1;
			remoteGlobalIDString = B90FE5841CC1634800462602;
			remoteInfo = ViewsInCode;
		};
		B90FE5A51CC1634800462602 /* PBXContainerItemProxy */ = {
			isa = PBXContainerItemProxy;
			containerPortal = B90FE57D1CC1634800462602 /* Project object */;
			proxyType = 1;
			remoteGlobalIDString = B90FE5841CC1634800462602;
			remoteInfo = ViewsInCode;
		};
/* End PBXContainerItemProxy section */

/* Begin PBXFileReference section */
		B90FE5851CC1634800462602 /* ViewsInCode.app */ = {isa = PBXFileReference; explicitFileType = wrapper.application; includeInIndex = 0; path = ViewsInCode.app; sourceTree = BUILT_PRODUCTS_DIR; };
		B90FE5881CC1634800462602 /* AppDelegate.swift */ = {isa = PBXFileReference; lastKnownFileType = sourcecode.swift; path = AppDelegate.swift; sourceTree = "<group>"; };
		B90FE58A1CC1634800462602 /* ViewController.swift */ = {isa = PBXFileReference; lastKnownFileType = sourcecode.swift; path = ViewController.swift; sourceTree = "<group>"; };
		B90FE58D1CC1634800462602 /* Base */ = {isa = PBXFileReference; lastKnownFileType = file.storyboard; name = Base; path = Base.lproj/Main.storyboard; sourceTree = "<group>"; };
		B90FE58F1CC1634800462602 /* Assets.xcassets */ = {isa = PBXFileReference; lastKnownFileType = folder.assetcatalog; path = Assets.xcassets; sourceTree = "<group>"; };
		B90FE5921CC1634800462602 /* Base */ = {isa = PBXFileReference; lastKnownFileType = file.storyboard; name = Base; path = Base.lproj/LaunchScreen.storyboard; sourceTree = "<group>"; };
		B90FE5941CC1634800462602 /* Info.plist */ = {isa = PBXFileReference; lastKnownFileType = text.plist.xml; path = Info.plist; sourceTree = "<group>"; };
		B90FE5991CC1634800462602 /* ViewsInCodeTests.xctest */ = {isa = PBXFileReference; explicitFileType = wrapper.cfbundle; includeInIndex = 0; path = ViewsInCodeTests.xctest; sourceTree = BUILT_PRODUCTS_DIR; };
		B90FE59D1CC1634800462602 /* ViewsInCodeTests.swift */ = {isa = PBXFileReference; lastKnownFileType = sourcecode.swift; path = ViewsInCodeTests.swift; sourceTree = "<group>"; };
		B90FE59F1CC1634800462602 /* Info.plist */ = {isa = PBXFileReference; lastKnownFileType = text.plist.xml; path = Info.plist; sourceTree = "<group>"; };
		B90FE5A41CC1634800462602 /* ViewsInCodeUITests.xctest */ = {isa = PBXFileReference; explicitFileType = wrapper.cfbundle; includeInIndex = 0; path = ViewsInCodeUITests.xctest; sourceTree = BUILT_PRODUCTS_DIR; };
		B90FE5A81CC1634800462602 /* ViewsInCodeUITests.swift */ = {isa = PBXFileReference; lastKnownFileType = sourcecode.swift; path = ViewsInCodeUITests.swift; sourceTree = "<group>"; };
		B90FE5AA1CC1634800462602 /* Info.plist */ = {isa = PBXFileReference; lastKnownFileType = text.plist.xml; path = Info.plist; sourceTree = "<group>"; };
/* End PBXFileReference section */

/* Begin PBXFrameworksBuildPhase section */
		B90FE5821CC1634800462602 /* Frameworks */ = {
			isa = PBXFrameworksBuildPhase;
			buildActionMask = 2147483647;
			files = (
			);
			runOnlyForDeploymentPostprocessing = 0;
		};
		B90FE5961CC1634800462602 /* Frameworks */ = {
			isa = PBXFrameworksBuildPhase;
			buildActionMask = 2147483647;
			files = (
			);
			runOnlyForDeploymentPostprocessing = 0;
		};
		B90FE5A11CC1634800462602 /* Frameworks */ = {
			isa = PBXFrameworksBuildPhase;
			buildActionMask = 2147483647;
			files = (
			);
			runOnlyForDeploymentPostprocessing = 0;
		};
/* End PBXFrameworksBuildPhase section */

/* Begin PBXGroup section */
		B90FE57C1CC1634800462602 = {
			isa = PBXGroup;
			children = (
				B90FE5871CC1634800462602 /* ViewsInCode */,
				B90FE59C1CC1634800462602 /* ViewsInCodeTests */,
				B90FE5A71CC1634800462602 /* ViewsInCodeUITests */,
				B90FE5861CC1634800462602 /* Products */,
			);
			sourceTree = "<group>";
		};
		B90FE5861CC1634800462602 /* Products */ = {
			isa = PBXGroup;
			children = (
				B90FE5851CC1634800462602 /* ViewsInCode.app */,
				B90FE5991CC1634800462602 /* ViewsInCodeTests.xctest */,
				B90FE5A41CC1634800462602 /* ViewsInCodeUITests.xctest */,
			);
			name = Products;
			sourceTree = "<group>";
		};
		B90FE5871CC1634800462602 /* ViewsInCode */ = {
			isa = PBXGroup;
			children = (
				B90FE5881CC1634800462602 /* AppDelegate.swift */,
				B90FE58A1CC1634800462602 /* ViewController.swift */,
				B90FE58C1CC1634800462602 /* Main.storyboard */,
				B90FE58F1CC1634800462602 /* Assets.xcassets */,
				B90FE5911CC1634800462602 /* LaunchScreen.storyboard */,
				B90FE5941CC1634800462602 /* Info.plist */,
			);
			path = ViewsInCode;
			sourceTree = "<group>";
		};
		B90FE59C1CC1634800462602 /* ViewsInCodeTests */ = {
			isa = PBXGroup;
			children = (
				B90FE59D1CC1634800462602 /* ViewsInCodeTests.swift */,
				B90FE59F1CC1634800462602 /* Info.plist */,
			);
			path = ViewsInCodeTests;
			sourceTree = "<group>";
		};
		B90FE5A71CC1634800462602 /* ViewsInCodeUITests */ = {
			isa = PBXGroup;
			children = (
				B90FE5A81CC1634800462602 /* ViewsInCodeUITests.swift */,
				B90FE5AA1CC1634800462602 /* Info.plist */,
			);
			path = ViewsInCodeUITests;
			sourceTree = "<group>";
		};
/* End PBXGroup section */

/* Begin PBXNativeTarget section */
		B90FE5841CC1634800462602 /* ViewsInCode */ = {
			isa = PBXNativeTarget;
			buildConfigurationList = B90FE5AD1CC1634800462602 /* Build configuration list for PBXNativeTarget "ViewsInCode" */;
			buildPhases = (
				B90FE5811CC1634800462602 /* Sources */,
				B90FE5821CC1634800462602 /* Frameworks */,
				B90FE5831CC1634800462602 /* Resources */,
			);
			buildRules = (
			);
			dependencies = (
			);
			name = ViewsInCode;
			productName = ViewsInCode;
			productReference = B90FE5851CC1634800462602 /* ViewsInCode.app */;
			productType = "com.apple.product-type.application";
		};
		B90FE5981CC1634800462602 /* ViewsInCodeTests */ = {
			isa = PBXNativeTarget;
			buildConfigurationList = B90FE5B01CC1634800462602 /* Build configuration list for PBXNativeTarget "ViewsInCodeTests" */;
			buildPhases = (
				B90FE5951CC1634800462602 /* Sources */,
				B90FE5961CC1634800462602 /* Frameworks */,
				B90FE5971CC1634800462602 /* Resources */,
			);
			buildRules = (
			);
			dependencies = (
				B90FE59B1CC1634800462602 /* PBXTargetDependency */,
			);
			name = ViewsInCodeTests;
			productName = ViewsInCodeTests;
			productReference = B90FE5991CC1634800462602 /* ViewsInCodeTests.xctest */;
			productType = "com.apple.product-type.bundle.unit-test";
		};
		B90FE5A31CC1634800462602 /* ViewsInCodeUITests */ = {
			isa = PBXNativeTarget;
			buildConfigurationList = B90FE5B31CC1634800462602 /* Build configuration list for PBXNativeTarget "ViewsInCodeUITests" */;
			buildPhases = (
				B90FE5A01CC1634800462602 /* Sources */,
				B90FE5A11CC1634800462602 /* Frameworks */,
				B90FE5A21CC1634800462602 /* Resources */,
			);
			buildRules = (
			);
			dependencies = (
				B90FE5A61CC1634800462602 /* PBXTargetDependency */,
			);
			name = ViewsInCodeUITests;
			productName = ViewsInCodeUITests;
			productReference = B90FE5A41CC1634800462602 /* ViewsInCodeUITests.xctest */;
			productType = "com.apple.product-type.bundle.ui-testing";
		};
/* End PBXNativeTarget section */

/* Begin PBXProject section */
		B90FE57D1CC1634800462602 /* Project object */ = {
			isa = PBXProject;
			attributes = {
				LastSwiftUpdateCheck = 0730;
				LastUpgradeCheck = 0730;
				ORGANIZATIONNAME = "Craig Grummitt";
				TargetAttributes = {
					B90FE5841CC1634800462602 = {
						CreatedOnToolsVersion = 7.3;
					};
					B90FE5981CC1634800462602 = {
						CreatedOnToolsVersion = 7.3;
						TestTargetID = B90FE5841CC1634800462602;
					};
					B90FE5A31CC1634800462602 = {
						CreatedOnToolsVersion = 7.3;
						TestTargetID = B90FE5841CC1634800462602;
					};
				};
			};
			buildConfigurationList = B90FE5801CC1634800462602 /* Build configuration list for PBXProject "ViewsInCode" */;
			compatibilityVersion = "Xcode 3.2";
			developmentRegion = English;
			hasScannedForEncodings = 0;
			knownRegions = (
				en,
				Base,
			);
			mainGroup = B90FE57C1CC1634800462602;
			productRefGroup = B90FE5861CC1634800462602 /* Products */;
			projectDirPath = "";
			projectRoot = "";
			targets = (
				B90FE5841CC1634800462602 /* ViewsInCode */,
				B90FE5981CC1634800462602 /* ViewsInCodeTests */,
				B90FE5A31CC1634800462602 /* ViewsInCodeUITests */,
			);
		};
/* End PBXProject section */

/* Begin PBXResourcesBuildPhase section */
		B90FE5831CC1634800462602 /* Resources */ = {
			isa = PBXResourcesBuildPhase;
			buildActionMask = 2147483647;
			files = (
				B90FE5931CC1634800462602 /* LaunchScreen.storyboard in Resources */,
				B90FE5901CC1634800462602 /* Assets.xcassets in Resources */,
				B90FE58E1CC1634800462602 /* Main.storyboard in Resources */,
			);
			runOnlyForDeploymentPostprocessing = 0;
		};
		B90FE5971CC1634800462602 /* Resources */ = {
			isa = PBXResourcesBuildPhase;
			buildActionMask = 2147483647;
			files = (
			);
			runOnlyForDeploymentPostprocessing = 0;
		};
		B90FE5A21CC1634800462602 /* Resources */ = {
			isa = PBXResourcesBuildPhase;
			buildActionMask = 2147483647;
			files = (
			);
			runOnlyForDeploymentPostprocessing = 0;
		};
/* End PBXResourcesBuildPhase section */

/* Begin PBXSourcesBuildPhase section */
		B90FE5811CC1634800462602 /* Sources */ = {
			isa = PBXSourcesBuildPhase;
			buildActionMask = 2147483647;
			files = (
				B90FE58B1CC1634800462602 /* ViewController.swift in Sources */,
				B90FE5891CC1634800462602 /* AppDelegate.swift in Sources */,
			);
			runOnlyForDeploymentPostprocessing = 0;
		};
		B90FE5951CC1634800462602 /* Sources */ = {
			isa = PBXSourcesBuildPhase;
			buildActionMask = 2147483647;
			files = (
				B90FE59E1CC1634800462602 /* ViewsInCodeTests.swift in Sources */,
			);
			runOnlyForDeploymentPostprocessing = 0;
		};
		B90FE5A01CC1634800462602 /* Sources */ = {
			isa = PBXSourcesBuildPhase;
			buildActionMask = 2147483647;
			files = (
				B90FE5A91CC1634800462602 /* ViewsInCodeUITests.swift in Sources */,
			);
			runOnlyForDeploymentPostprocessing = 0;
		};
/* End PBXSourcesBuildPhase section */

/* Begin PBXTargetDependency section */
		B90FE59B1CC1634800462602 /* PBXTargetDependency */ = {
			isa = PBXTargetDependency;
			target = B90FE5841CC1634800462602 /* ViewsInCode */;
			targetProxy = B90FE59A1CC1634800462602 /* PBXContainerItemProxy */;
		};
		B90FE5A61CC1634800462602 /* PBXTargetDependency */ = {
			isa = PBXTargetDependency;
			target = B90FE5841CC1634800462602 /* ViewsInCode */;
			targetProxy = B90FE5A51CC1634800462602 /* PBXContainerItemProxy */;
		};
/* End PBXTargetDependency section */

/* Begin PBXVariantGroup section */
		B90FE58C1CC1634800462602 /* Main.storyboard */ = {
			isa = PBXVariantGroup;
			children = (
				B90FE58D1CC1634800462602 /* Base */,
			);
			name = Main.storyboard;
			sourceTree = "<group>";
		};
		B90FE5911CC1634800462602 /* LaunchScreen.storyboard */ = {
			isa = PBXVariantGroup;
			children = (
				B90FE5921CC1634800462602 /* Base */,
			);
			name = LaunchScreen.storyboard;
			sourceTree = "<group>";
		};
/* End PBXVariantGroup section */

/* Begin XCBuildConfiguration section */
		B90FE5AB1CC1634800462602 /* Debug */ = {
			isa = XCBuildConfiguration;
			buildSettings = {
				ALWAYS_SEARCH_USER_PATHS = NO;
				CLANG_ANALYZER_NONNULL = YES;
				CLANG_CXX_LANGUAGE_STANDARD = "gnu++0x";
				CLANG_CXX_LIBRARY = "libc++";
				CLANG_ENABLE_MODULES = YES;
				CLANG_ENABLE_OBJC_ARC = YES;
				CLANG_WARN_BOOL_CONVERSION = YES;
				CLANG_WARN_CONSTANT_CONVERSION = YES;
				CLANG_WARN_DIRECT_OBJC_ISA_USAGE = YES_ERROR;
				CLANG_WARN_EMPTY_BODY = YES;
				CLANG_WARN_ENUM_CONVERSION = YES;
				CLANG_WARN_INT_CONVERSION = YES;
				CLANG_WARN_OBJC_ROOT_CLASS = YES_ERROR;
				CLANG_WARN_UNREACHABLE_CODE = YES;
				CLANG_WARN__DUPLICATE_METHOD_MATCH = YES;
				"CODE_SIGN_IDENTITY[sdk=iphoneos*]" = "iPhone Developer";
				COPY_PHASE_STRIP = NO;
				DEBUG_INFORMATION_FORMAT = dwarf;
				ENABLE_STRICT_OBJC_MSGSEND = YES;
				ENABLE_TESTABILITY = YES;
				GCC_C_LANGUAGE_STANDARD = gnu99;
				GCC_DYNAMIC_NO_PIC = NO;
				GCC_NO_COMMON_BLOCKS = YES;
				GCC_OPTIMIZATION_LEVEL = 0;
				GCC_PREPROCESSOR_DEFINITIONS = (
					"DEBUG=1",
					"$(inherited)",
				);
				GCC_WARN_64_TO_32_BIT_CONVERSION = YES;
				GCC_WARN_ABOUT_RETURN_TYPE = YES_ERROR;
				GCC_WARN_UNDECLARED_SELECTOR = YES;
				GCC_WARN_UNINITIALIZED_AUTOS = YES_AGGRESSIVE;
				GCC_WARN_UNUSED_FUNCTION = YES;
				GCC_WARN_UNUSED_VARIABLE = YES;
				IPHONEOS_DEPLOYMENT_TARGET = 9.3;
				MTL_ENABLE_DEBUG_INFO = YES;
				ONLY_ACTIVE_ARCH = YES;
				SDKROOT = iphoneos;
				SWIFT_OPTIMIZATION_LEVEL = "-Onone";
				TARGETED_DEVICE_FAMILY = "1,2";
			};
			name = Debug;
		};
		B90FE5AC1CC1634800462602 /* Release */ = {
			isa = XCBuildConfiguration;
			buildSettings = {
				ALWAYS_SEARCH_USER_PATHS = NO;
				CLANG_ANALYZER_NONNULL = YES;
				CLANG_CXX_LANGUAGE_STANDARD = "gnu++0x";
				CLANG_CXX_LIBRARY = "libc++";
				CLANG_ENABLE_MODULES = YES;
				CLANG_ENABLE_OBJC_ARC = YES;
				CLANG_WARN_BOOL_CONVERSION = YES;
				CLANG_WARN_CONSTANT_CONVERSION = YES;
				CLANG_WARN_DIRECT_OBJC_ISA_USAGE = YES_ERROR;
				CLANG_WARN_EMPTY_BODY = YES;
				CLANG_WARN_ENUM_CONVERSION = YES;
				CLANG_WARN_INT_CONVERSION = YES;
				CLANG_WARN_OBJC_ROOT_CLASS = YES_ERROR;
				CLANG_WARN_UNREACHABLE_CODE = YES;
				CLANG_WARN__DUPLICATE_METHOD_MATCH = YES;
				"CODE_SIGN_IDENTITY[sdk=iphoneos*]" = "iPhone Developer";
				COPY_PHASE_STRIP = NO;
				DEBUG_INFORMATION_FORMAT = "dwarf-with-dsym";
				ENABLE_NS_ASSERTIONS = NO;
				ENABLE_STRICT_OBJC_MSGSEND = YES;
				GCC_C_LANGUAGE_STANDARD = gnu99;
				GCC_NO_COMMON_BLOCKS = YES;
				GCC_WARN_64_TO_32_BIT_CONVERSION = YES;
				GCC_WARN_ABOUT_RETURN_TYPE = YES_ERROR;
				GCC_WARN_UNDECLARED_SELECTOR = YES;
				GCC_WARN_UNINITIALIZED_AUTOS = YES_AGGRESSIVE;
				GCC_WARN_UNUSED_FUNCTION = YES;
				GCC_WARN_UNUSED_VARIABLE = YES;
				IPHONEOS_DEPLOYMENT_TARGET = 9.3;
				MTL_ENABLE_DEBUG_INFO = NO;
				SDKROOT = iphoneos;
				TARGETED_DEVICE_FAMILY = "1,2";
				VALIDATE_PRODUCT = YES;
			};
			name = Release;
		};
		B90FE5AE1CC1634800462602 /* Debug */ = {
			isa = XCBuildConfiguration;
			buildSettings = {
				ASSETCATALOG_COMPILER_APPICON_NAME = AppIcon;
				INFOPLIST_FILE = ViewsInCode/Info.plist;
				LD_RUNPATH_SEARCH_PATHS = "$(inherited) @executable_path/Frameworks";
				PRODUCT_BUNDLE_IDENTIFIER = com.interactivecoconut.ViewsInCode;
				PRODUCT_NAME = "$(TARGET_NAME)";
				TARGETED_DEVICE_FAMILY = "1,2";
			};
			name = Debug;
		};
		B90FE5AF1CC1634800462602 /* Release */ = {
			isa = XCBuildConfiguration;
			buildSettings = {
				ASSETCATALOG_COMPILER_APPICON_NAME = AppIcon;
				INFOPLIST_FILE = ViewsInCode/Info.plist;
				LD_RUNPATH_SEARCH_PATHS = "$(inherited) @executable_path/Frameworks";
				PRODUCT_BUNDLE_IDENTIFIER = com.interactivecoconut.ViewsInCode;
				PRODUCT_NAME = "$(TARGET_NAME)";
				TARGETED_DEVICE_FAMILY = "1,2";
			};
			name = Release;
		};
		B90FE5B11CC1634800462602 /* Debug */ = {
			isa = XCBuildConfiguration;
			buildSettings = {
				BUNDLE_LOADER = "$(TEST_HOST)";
				INFOPLIST_FILE = ViewsInCodeTests/Info.plist;
				LD_RUNPATH_SEARCH_PATHS = "$(inherited) @executable_path/Frameworks @loader_path/Frameworks";
				PRODUCT_BUNDLE_IDENTIFIER = com.interactivecoconut.ViewsInCodeTests;
				PRODUCT_NAME = "$(TARGET_NAME)";
				TEST_HOST = "$(BUILT_PRODUCTS_DIR)/ViewsInCode.app/ViewsInCode";
			};
			name = Debug;
		};
		B90FE5B21CC1634800462602 /* Release */ = {
			isa = XCBuildConfiguration;
			buildSettings = {
				BUNDLE_LOADER = "$(TEST_HOST)";
				INFOPLIST_FILE = ViewsInCodeTests/Info.plist;
				LD_RUNPATH_SEARCH_PATHS = "$(inherited) @executable_path/Frameworks @loader_path/Frameworks";
				PRODUCT_BUNDLE_IDENTIFIER = com.interactivecoconut.ViewsInCodeTests;
				PRODUCT_NAME = "$(TARGET_NAME)";
				TEST_HOST = "$(BUILT_PRODUCTS_DIR)/ViewsInCode.app/ViewsInCode";
			};
			name = Release;
		};
		B90FE5B41CC1634800462602 /* Debug */ = {
			isa = XCBuildConfiguration;
			buildSettings = {
				INFOPLIST_FILE = ViewsInCodeUITests/Info.plist;
				LD_RUNPATH_SEARCH_PATHS = "$(inherited) @executable_path/Frameworks @loader_path/Frameworks";
				PRODUCT_BUNDLE_IDENTIFIER = com.interactivecoconut.ViewsInCodeUITests;
				PRODUCT_NAME = "$(TARGET_NAME)";
				TEST_TARGET_NAME = ViewsInCode;
			};
			name = Debug;
		};
		B90FE5B51CC1634800462602 /* Release */ = {
			isa = XCBuildConfiguration;
			buildSettings = {
				INFOPLIST_FILE = ViewsInCodeUITests/Info.plist;
				LD_RUNPATH_SEARCH_PATHS = "$(inherited) @executable_path/Frameworks @loader_path/Frameworks";
				PRODUCT_BUNDLE_IDENTIFIER = com.interactivecoconut.ViewsInCodeUITests;
				PRODUCT_NAME = "$(TARGET_NAME)";
				TEST_TARGET_NAME = ViewsInCode;
			};
			name = Release;
		};
/* End XCBuildConfiguration section */

/* Begin XCConfigurationList section */
		B90FE5801CC1634800462602 /* Build configuration list for PBXProject "ViewsInCode" */ = {
			isa = XCConfigurationList;
			buildConfigurations = (
				B90FE5AB1CC1634800462602 /* Debug */,
				B90FE5AC1CC1634800462602 /* Release */,
			);
			defaultConfigurationIsVisible = 0;
			defaultConfigurationName = Release;
		};
		B90FE5AD1CC1634800462602 /* Build configuration list for PBXNativeTarget "ViewsInCode" */ = {
			isa = XCConfigurationList;
			buildConfigurations = (
				B90FE5AE1CC1634800462602 /* Debug */,
				B90FE5AF1CC1634800462602 /* Release */,
			);
			defaultConfigurationIsVisible = 0;
			defaultConfigurationName = Release;
		};
		B90FE5B01CC1634800462602 /* Build configuration list for PBXNativeTarget "ViewsInCodeTests" */ = {
			isa = XCConfigurationList;
			buildConfigurations = (
				B90FE5B11CC1634800462602 /* Debug */,
				B90FE5B21CC1634800462602 /* Release */,
			);
			defaultConfigurationIsVisible = 0;
			defaultConfigurationName = Release;
		};
		B90FE5B31CC1634800462602 /* Build configuration list for PBXNativeTarget "ViewsInCodeUITests" */ = {
			isa = XCConfigurationList;
			buildConfigurations = (
				B90FE5B41CC1634800462602 /* Debug */,
				B90FE5B51CC1634800462602 /* Release */,
			);
			defaultConfigurationIsVisible = 0;
			defaultConfigurationName = Release;
		};
/* End XCConfigurationList section */
	};
	rootObject = B90FE57D1CC1634800462602 /* Project object */;
}
